// !$*UTF8*$!
{
	archiveVersion = 1;
	classes = {
	};
	objectVersion = 46;
	objects = {

/* Begin PBXBuildFile section */
		A257B72319CADF400093358D /* AppDelegate.swift in Sources */ = {isa = PBXBuildFile; fileRef = A257B72219CADF400093358D /* AppDelegate.swift */; };
		A257B72519CADF400093358D /* ViewController.swift in Sources */ = {isa = PBXBuildFile; fileRef = A257B72419CADF400093358D /* ViewController.swift */; };
		A257B72819CADF400093358D /* Main.storyboard in Resources */ = {isa = PBXBuildFile; fileRef = A257B72619CADF400093358D /* Main.storyboard */; };
		A257B72A19CADF400093358D /* Images.xcassets in Resources */ = {isa = PBXBuildFile; fileRef = A257B72919CADF400093358D /* Images.xcassets */; };
		A257B72D19CADF400093358D /* LaunchScreen.xib in Resources */ = {isa = PBXBuildFile; fileRef = A257B72B19CADF400093358D /* LaunchScreen.xib */; };
		A257B73919CADF400093358D /* PostcardTests.swift in Sources */ = {isa = PBXBuildFile; fileRef = A257B73819CADF400093358D /* PostcardTests.swift */; };
/* End PBXBuildFile section */

/* Begin PBXContainerItemProxy section */
		A257B73319CADF400093358D /* PBXContainerItemProxy */ = {
			isa = PBXContainerItemProxy;
			containerPortal = A257B71519CADF3F0093358D /* Project object */;
			proxyType = 1;
			remoteGlobalIDString = A257B71C19CADF400093358D;
			remoteInfo = Postcard;
		};
/* End PBXContainerItemProxy section */

/* Begin PBXFileReference section */
		A257B71D19CADF400093358D /* Postcard.app */ = {isa = PBXFileReference; explicitFileType = wrapper.application; includeInIndex = 0; path = Postcard.app; sourceTree = BUILT_PRODUCTS_DIR; };
		A257B72119CADF400093358D /* Info.plist */ = {isa = PBXFileReference; lastKnownFileType = text.plist.xml; path = Info.plist; sourceTree = "<group>"; };
		A257B72219CADF400093358D /* AppDelegate.swift */ = {isa = PBXFileReference; lastKnownFileType = sourcecode.swift; path = AppDelegate.swift; sourceTree = "<group>"; };
		A257B72419CADF400093358D /* ViewController.swift */ = {isa = PBXFileReference; lastKnownFileType = sourcecode.swift; path = ViewController.swift; sourceTree = "<group>"; };
		A257B72719CADF400093358D /* Base */ = {isa = PBXFileReference; lastKnownFileType = file.storyboard; name = Base; path = Base.lproj/Main.storyboard; sourceTree = "<group>"; };
		A257B72919CADF400093358D /* Images.xcassets */ = {isa = PBXFileReference; lastKnownFileType = folder.assetcatalog; path = Images.xcassets; sourceTree = "<group>"; };
		A257B72C19CADF400093358D /* Base */ = {isa = PBXFileReference; lastKnownFileType = file.xib; name = Base; path = Base.lproj/LaunchScreen.xib; sourceTree = "<group>"; };
		A257B73219CADF400093358D /* PostcardTests.xctest */ = {isa = PBXFileReference; explicitFileType = wrapper.cfbundle; includeInIndex = 0; path = PostcardTests.xctest; sourceTree = BUILT_PRODUCTS_DIR; };
		A257B73719CADF400093358D /* Info.plist */ = {isa = PBXFileReference; lastKnownFileType = text.plist.xml; path = Info.plist; sourceTree = "<group>"; };
		A257B73819CADF400093358D /* PostcardTests.swift */ = {isa = PBXFileReference; lastKnownFileType = sourcecode.swift; path = PostcardTests.swift; sourceTree = "<group>"; };
/* End PBXFileReference section */

/* Begin PBXFrameworksBuildPhase section */
		A257B71A19CADF400093358D /* Frameworks */ = {
			isa = PBXFrameworksBuildPhase;
			buildActionMask = 2147483647;
			files = (
			);
			runOnlyForDeploymentPostprocessing = 0;
		};
		A257B72F19CADF400093358D /* Frameworks */ = {
			isa = PBXFrameworksBuildPhase;
			buildActionMask = 2147483647;
			files = (
			);
			runOnlyForDeploymentPostprocessing = 0;
		};
/* End PBXFrameworksBuildPhase section */

/* Begin PBXGroup section */
		A257B71419CADF3F0093358D = {
			isa = PBXGroup;
			children = (
				A257B71F19CADF400093358D /* Postcard */,
				A257B73519CADF400093358D /* PostcardTests */,
				A257B71E19CADF400093358D /* Products */,
			);
			sourceTree = "<group>";
		};
		A257B71E19CADF400093358D /* Products */ = {
			isa = PBXGroup;
			children = (
				A257B71D19CADF400093358D /* Postcard.app */,
				A257B73219CADF400093358D /* PostcardTests.xctest */,
			);
			name = Products;
			sourceTree = "<group>";
		};
		A257B71F19CADF400093358D /* Postcard */ = {
			isa = PBXGroup;
			children = (
				A257B72219CADF400093358D /* AppDelegate.swift */,
				A257B72419CADF400093358D /* ViewController.swift */,
				A257B72619CADF400093358D /* Main.storyboard */,
				A257B72919CADF400093358D /* Images.xcassets */,
				A257B72B19CADF400093358D /* LaunchScreen.xib */,
				A257B72019CADF400093358D /* Supporting Files */,
			);
			path = Postcard;
			sourceTree = "<group>";
		};
		A257B72019CADF400093358D /* Supporting Files */ = {
			isa = PBXGroup;
			children = (
				A257B72119CADF400093358D /* Info.plist */,
			);
			name = "Supporting Files";
			sourceTree = "<group>";
		};
		A257B73519CADF400093358D /* PostcardTests */ = {
			isa = PBXGroup;
			children = (
				A257B73819CADF400093358D /* PostcardTests.swift */,
				A257B73619CADF400093358D /* Supporting Files */,
			);
			path = PostcardTests;
			sourceTree = "<group>";
		};
		A257B73619CADF400093358D /* Supporting Files */ = {
			isa = PBXGroup;
			children = (
				A257B73719CADF400093358D /* Info.plist */,
			);
			name = "Supporting Files";
			sourceTree = "<group>";
		};
/* End PBXGroup section */

/* Begin PBXNativeTarget section */
		A257B71C19CADF400093358D /* Postcard */ = {
			isa = PBXNativeTarget;
			buildConfigurationList = A257B73C19CADF400093358D /* Build configuration list for PBXNativeTarget "Postcard" */;
			buildPhases = (
				A257B71919CADF400093358D /* Sources */,
				A257B71A19CADF400093358D /* Frameworks */,
				A257B71B19CADF400093358D /* Resources */,
			);
			buildRules = (
			);
			dependencies = (
			);
			name = Postcard;
			productName = Postcard;
			productReference = A257B71D19CADF400093358D /* Postcard.app */;
			productType = "com.apple.product-type.application";
		};
		A257B73119CADF400093358D /* PostcardTests */ = {
			isa = PBXNativeTarget;
			buildConfigurationList = A257B73F19CADF400093358D /* Build configuration list for PBXNativeTarget "PostcardTests" */;
			buildPhases = (
				A257B72E19CADF400093358D /* Sources */,
				A257B72F19CADF400093358D /* Frameworks */,
				A257B73019CADF400093358D /* Resources */,
			);
			buildRules = (
			);
			dependencies = (
				A257B73419CADF400093358D /* PBXTargetDependency */,
			);
			name = PostcardTests;
			productName = PostcardTests;
			productReference = A257B73219CADF400093358D /* PostcardTests.xctest */;
			productType = "com.apple.product-type.bundle.unit-test";
		};
/* End PBXNativeTarget section */

/* Begin PBXProject section */
		A257B71519CADF3F0093358D /* Project object */ = {
			isa = PBXProject;
			attributes = {
				LastUpgradeCheck = 0600;
				ORGANIZATIONNAME = "O8 Labs";
				TargetAttributes = {
					A257B71C19CADF400093358D = {
						CreatedOnToolsVersion = 6.0;
					};
					A257B73119CADF400093358D = {
						CreatedOnToolsVersion = 6.0;
						TestTargetID = A257B71C19CADF400093358D;
					};
				};
			};
			buildConfigurationList = A257B71819CADF3F0093358D /* Build configuration list for PBXProject "Postcard" */;
			compatibilityVersion = "Xcode 3.2";
			developmentRegion = English;
			hasScannedForEncodings = 0;
			knownRegions = (
				en,
				Base,
			);
			mainGroup = A257B71419CADF3F0093358D;
			productRefGroup = A257B71E19CADF400093358D /* Products */;
			projectDirPath = "";
			projectRoot = "";
			targets = (
				A257B71C19CADF400093358D /* Postcard */,
				A257B73119CADF400093358D /* PostcardTests */,
			);
		};
/* End PBXProject section */

/* Begin PBXResourcesBuildPhase section */
		A257B71B19CADF400093358D /* Resources */ = {
			isa = PBXResourcesBuildPhase;
			buildActionMask = 2147483647;
			files = (
				A257B72819CADF400093358D /* Main.storyboard in Resources */,
				A257B72D19CADF400093358D /* LaunchScreen.xib in Resources */,
				A257B72A19CADF400093358D /* Images.xcassets in Resources */,
			);
			runOnlyForDeploymentPostprocessing = 0;
		};
		A257B73019CADF400093358D /* Resources */ = {
			isa = PBXResourcesBuildPhase;
			buildActionMask = 2147483647;
			files = (
			);
			runOnlyForDeploymentPostprocessing = 0;
		};
/* End PBXResourcesBuildPhase section */

/* Begin PBXSourcesBuildPhase section */
		A257B71919CADF400093358D /* Sources */ = {
			isa = PBXSourcesBuildPhase;
			buildActionMask = 2147483647;
			files = (
				A257B72519CADF400093358D /* ViewController.swift in Sources */,
				A257B72319CADF400093358D /* AppDelegate.swift in Sources */,
			);
			runOnlyForDeploymentPostprocessing = 0;
		};
		A257B72E19CADF400093358D /* Sources */ = {
			isa = PBXSourcesBuildPhase;
			buildActionMask = 2147483647;
			files = (
				A257B73919CADF400093358D /* PostcardTests.swift in Sources */,
			);
			runOnlyForDeploymentPostprocessing = 0;
		};
/* End PBXSourcesBuildPhase section */

/* Begin PBXTargetDependency section */
		A257B73419CADF400093358D /* PBXTargetDependency */ = {
			isa = PBXTargetDependency;
			target = A257B71C19CADF400093358D /* Postcard */;
			targetProxy = A257B73319CADF400093358D /* PBXContainerItemProxy */;
		};
/* End PBXTargetDependency section */

/* Begin PBXVariantGroup section */
		A257B72619CADF400093358D /* Main.storyboard */ = {
			isa = PBXVariantGroup;
			children = (
				A257B72719CADF400093358D /* Base */,
			);
			name = Main.storyboard;
			sourceTree = "<group>";
		};
		A257B72B19CADF400093358D /* LaunchScreen.xib */ = {
			isa = PBXVariantGroup;
			children = (
				A257B72C19CADF400093358D /* Base */,
			);
			name = LaunchScreen.xib;
			sourceTree = "<group>";
		};
/* End PBXVariantGroup section */

/* Begin XCBuildConfiguration section */
		A257B73A19CADF400093358D /* Debug */ = {
			isa = XCBuildConfiguration;
			buildSettings = {
				ALWAYS_SEARCH_USER_PATHS = NO;
				CLANG_CXX_LANGUAGE_STANDARD = "gnu++0x";
				CLANG_CXX_LIBRARY = "libc++";
				CLANG_ENABLE_MODULES = YES;
				CLANG_ENABLE_OBJC_ARC = YES;
				CLANG_WARN_BOOL_CONVERSION = YES;
				CLANG_WARN_CONSTANT_CONVERSION = YES;
				CLANG_WARN_DIRECT_OBJC_ISA_USAGE = YES_ERROR;
				CLANG_WARN_EMPTY_BODY = YES;
				CLANG_WARN_ENUM_CONVERSION = YES;
				CLANG_WARN_INT_CONVERSION = YES;
				CLANG_WARN_OBJC_ROOT_CLASS = YES_ERROR;
				CLANG_WARN_UNREACHABLE_CODE = YES;
				CLANG_WARN__DUPLICATE_METHOD_MATCH = YES;
				"CODE_SIGN_IDENTITY[sdk=iphoneos*]" = "iPhone Developer";
				COPY_PHASE_STRIP = NO;
				ENABLE_STRICT_OBJC_MSGSEND = YES;
				GCC_C_LANGUAGE_STANDARD = gnu99;
				GCC_DYNAMIC_NO_PIC = NO;
				GCC_OPTIMIZATION_LEVEL = 0;
				GCC_PREPROCESSOR_DEFINITIONS = (
					"DEBUG=1",
					"$(inherited)",
				);
				GCC_SYMBOLS_PRIVATE_EXTERN = NO;
				GCC_WARN_64_TO_32_BIT_CONVERSION = YES;
				GCC_WARN_ABOUT_RETURN_TYPE = YES_ERROR;
				GCC_WARN_UNDECLARED_SELECTOR = YES;
				GCC_WARN_UNINITIALIZED_AUTOS = YES_AGGRESSIVE;
				GCC_WARN_UNUSED_FUNCTION = YES;
				GCC_WARN_UNUSED_VARIABLE = YES;
				IPHONEOS_DEPLOYMENT_TARGET = 8.0;
				MTL_ENABLE_DEBUG_INFO = YES;
				ONLY_ACTIVE_ARCH = YES;
				SDKROOT = iphoneos;
				SWIFT_OPTIMIZATION_LEVEL = "-Onone";
			};
			name = Debug;
		};
		A257B73B19CADF400093358D /* Release */ = {
			isa = XCBuildConfiguration;
			buildSettings = {
				ALWAYS_SEARCH_USER_PATHS = NO;
				CLANG_CXX_LANGUAGE_STANDARD = "gnu++0x";
				CLANG_CXX_LIBRARY = "libc++";
				CLANG_ENABLE_MODULES = YES;
				CLANG_ENABLE_OBJC_ARC = YES;
				CLANG_WARN_BOOL_CONVERSION = YES;
				CLANG_WARN_CONSTANT_CONVERSION = YES;
				CLANG_WARN_DIRECT_OBJC_ISA_USAGE = YES_ERROR;
				CLANG_WARN_EMPTY_BODY = YES;
				CLANG_WARN_ENUM_CONVERSION = YES;
				CLANG_WARN_INT_CONVERSION = YES;
				CLANG_WARN_OBJC_ROOT_CLASS = YES_ERROR;
				CLANG_WARN_UNREACHABLE_CODE = YES;
				CLANG_WARN__DUPLICATE_METHOD_MATCH = YES;
				"CODE_SIGN_IDENTITY[sdk=iphoneos*]" = "iPhone Developer";
				COPY_PHASE_STRIP = YES;
				ENABLE_NS_ASSERTIONS = NO;
				ENABLE_STRICT_OBJC_MSGSEND = YES;
				GCC_C_LANGUAGE_STANDARD = gnu99;
				GCC_WARN_64_TO_32_BIT_CONVERSION = YES;
				GCC_WARN_ABOUT_RETURN_TYPE = YES_ERROR;
				GCC_WARN_UNDECLARED_SELECTOR = YES;
				GCC_WARN_UNINITIALIZED_AUTOS = YES_AGGRESSIVE;
				GCC_WARN_UNUSED_FUNCTION = YES;
				GCC_WARN_UNUSED_VARIABLE = YES;
				IPHONEOS_DEPLOYMENT_TARGET = 8.0;
				MTL_ENABLE_DEBUG_INFO = NO;
				SDKROOT = iphoneos;
				VALIDATE_PRODUCT = YES;
			};
			name = Release;
		};
		A257B73D19CADF400093358D /* Debug */ = {
			isa = XCBuildConfiguration;
			buildSettings = {
				ASSETCATALOG_COMPILER_APPICON_NAME = AppIcon;
				INFOPLIST_FILE = Postcard/Info.plist;
				LD_RUNPATH_SEARCH_PATHS = "$(inherited) @executable_path/Frameworks";
				PRODUCT_NAME = "$(TARGET_NAME)";
			};
			name = Debug;
		};
		A257B73E19CADF400093358D /* Release */ = {
			isa = XCBuildConfiguration;
			buildSettings = {
				ASSETCATALOG_COMPILER_APPICON_NAME = AppIcon;
				INFOPLIST_FILE = Postcard/Info.plist;
				LD_RUNPATH_SEARCH_PATHS = "$(inherited) @executable_path/Frameworks";
				PRODUCT_NAME = "$(TARGET_NAME)";
			};
			name = Release;
		};
		A257B74019CADF400093358D /* Debug */ = {
			isa = XCBuildConfiguration;
			buildSettings = {
				BUNDLE_LOADER = "$(TEST_HOST)";
				FRAMEWORK_SEARCH_PATHS = (
					"$(SDKROOT)/Developer/Library/Frameworks",
					"$(inherited)",
				);
				GCC_PREPROCESSOR_DEFINITIONS = (
					"DEBUG=1",
					"$(inherited)",
				);
				INFOPLIST_FILE = PostcardTests/Info.plist;
				LD_RUNPATH_SEARCH_PATHS = "$(inherited) @executable_path/Frameworks @loader_path/Frameworks";
				PRODUCT_NAME = "$(TARGET_NAME)";
				TEST_HOST = "$(BUILT_PRODUCTS_DIR)/Postcard.app/Postcard";
			};
			name = Debug;
		};
		A257B74119CADF400093358D /* Release */ = {
			isa = XCBuildConfiguration;
			buildSettings = {
				BUNDLE_LOADER = "$(TEST_HOST)";
				FRAMEWORK_SEARCH_PATHS = (
					"$(SDKROOT)/Developer/Library/Frameworks",
					"$(inherited)",
				);
				INFOPLIST_FILE = PostcardTests/Info.plist;
				LD_RUNPATH_SEARCH_PATHS = "$(inherited) @executable_path/Frameworks @loader_path/Frameworks";
				PRODUCT_NAME = "$(TARGET_NAME)";
				TEST_HOST = "$(BUILT_PRODUCTS_DIR)/Postcard.app/Postcard";
			};
			name = Release;
		};
/* End XCBuildConfiguration section */

/* Begin XCConfigurationList section */
		A257B71819CADF3F0093358D /* Build configuration list for PBXProject "Postcard" */ = {
			isa = XCConfigurationList;
			buildConfigurations = (
				A257B73A19CADF400093358D /* Debug */,
				A257B73B19CADF400093358D /* Release */,
			);
			defaultConfigurationIsVisible = 0;
			defaultConfigurationName = Release;
		};
		A257B73C19CADF400093358D /* Build configuration list for PBXNativeTarget "Postcard" */ = {
			isa = XCConfigurationList;
			buildConfigurations = (
				A257B73D19CADF400093358D /* Debug */,
				A257B73E19CADF400093358D /* Release */,
			);
			defaultConfigurationIsVisible = 0;
		};
		A257B73F19CADF400093358D /* Build configuration list for PBXNativeTarget "PostcardTests" */ = {
			isa = XCConfigurationList;
			buildConfigurations = (
				A257B74019CADF400093358D /* Debug */,
				A257B74119CADF400093358D /* Release */,
			);
			defaultConfigurationIsVisible = 0;
		};
/* End XCConfigurationList section */
	};
	rootObject = A257B71519CADF3F0093358D /* Project object */;
}
